
Microsoft Visual Studio Solution File, Format Version 12.00
# Visual Studio Version 18
VisualStudioVersion = 18.4.11605.240 stable
MinimumVisualStudioVersion = 10.0.40219.1
Project("{FAE04EC0-301F-11D3-BF4B-00C04F79EFBC}") = "bim-base", "bim-base\bim-base.csproj", "{86222940-80A5-4824-AD28-F37406EF0039}"
EndProject
Project("{FAE04EC0-301F-11D3-BF4B-00C04F79EFBC}") = "Library.Generic", "Library.Generic\Library.Generic.csproj", "{6AACF9F5-F8BA-47C7-901B-E797F1B28D5D}"
EndProject
Project("{FAE04EC0-301F-11D3-BF4B-00C04F79EFBC}") = "Library.UI.Generic", "Library.UI.Generic\Library.UI.Generic.csproj", "{B4F572B6-C190-49C4-A64D-6F58012DD886}"
EndProject
Global
	GlobalSection(SolutionConfigurationPlatforms) = preSolution
		Debug|Any CPU = Debug|Any CPU
		Debug|x64 = Debug|x64
		Release|Any CPU = Release|Any CPU
		Release|x64 = Release|x64
	EndGlobalSection
	GlobalSection(ProjectConfigurationPlatforms) = postSolution
		{86222940-80A5-4824-AD28-F37406EF0039}.Debug|Any CPU.ActiveCfg = Debug|Any CPU
		{86222940-80A5-4824-AD28-F37406EF0039}.Debug|Any CPU.Build.0 = Debug|Any CPU
		{86222940-80A5-4824-AD28-F37406EF0039}.Debug|x64.ActiveCfg = Debug|x64
		{86222940-80A5-4824-AD28-F37406EF0039}.Debug|x64.Build.0 = Debug|x64
		{86222940-80A5-4824-AD28-F37406EF0039}.Release|Any CPU.ActiveCfg = Release|Any CPU
		{86222940-80A5-4824-AD28-F37406EF0039}.Release|Any CPU.Build.0 = Release|Any CPU
		{86222940-80A5-4824-AD28-F37406EF0039}.Release|x64.ActiveCfg = Release|x64
		{86222940-80A5-4824-AD28-F37406EF0039}.Release|x64.Build.0 = Release|x64
		{6AACF9F5-F8BA-47C7-901B-E797F1B28D5D}.Debug|Any CPU.ActiveCfg = Debug|Any CPU
		{6AACF9F5-F8BA-47C7-901B-E797F1B28D5D}.Debug|Any CPU.Build.0 = Debug|Any CPU
		{6AACF9F5-F8BA-47C7-901B-E797F1B28D5D}.Debug|x64.ActiveCfg = Debug|x64
		{6AACF9F5-F8BA-47C7-901B-E797F1B28D5D}.Debug|x64.Build.0 = Debug|x64
		{6AACF9F5-F8BA-47C7-901B-E797F1B28D5D}.Release|Any CPU.ActiveCfg = Release|Any CPU
		{6AACF9F5-F8BA-47C7-901B-E797F1B28D5D}.Release|Any CPU.Build.0 = Release|Any CPU
		{6AACF9F5-F8BA-47C7-901B-E797F1B28D5D}.Release|x64.ActiveCfg = Release|x64
		{6AACF9F5-F8BA-47C7-901B-E797F1B28D5D}.Release|x64.Build.0 = Release|x64
		{B4F572B6-C190-49C4-A64D-6F58012DD886}.Debug|Any CPU.ActiveCfg = Debug|Any CPU
		{B4F572B6-C190-49C4-A64D-6F58012DD886}.Debug|Any CPU.Build.0 = Debug|Any CPU
		{B4F572B6-C190-49C4-A64D-6F58012DD886}.Debug|x64.ActiveCfg = Debug|Any CPU
		{B4F572B6-C190-49C4-A64D-6F58012DD886}.Debug|x64.Build.0 = Debug|Any CPU
		{B4F572B6-C190-49C4-A64D-6F58012DD886}.Release|Any CPU.ActiveCfg = Release|Any CPU
		{B4F572B6-C190-49C4-A64D-6F58012DD886}.Release|Any CPU.Build.0 = Release|Any CPU
		{B4F572B6-C190-49C4-A64D-6F58012DD886}.Release|x64.ActiveCfg = Release|Any CPU
		{B4F572B6-C190-49C4-A64D-6F58012DD886}.Release|x64.Build.0 = Release|Any CPU
	EndGlobalSection
	GlobalSection(SolutionProperties) = preSolution
		HideSolutionNode = FALSE
	EndGlobalSection
	GlobalSection(ExtensibilityGlobals) = postSolution
		SolutionGuid = {6E3E3A2E-0C9B-4123-B887-5C957872D40F}
	EndGlobalSection
EndGlobal
